
Microsoft Visual Studio Solution File, Format Version 12.00
# Visual Studio Version 17
VisualStudioVersion = 17.14.36414.22 d17.14
MinimumVisualStudioVersion = 10.0.40219.1
Project("{FAE04EC0-301F-11D3-BF4B-00C04F79EFBC}") = "Project", "Project\Project.csproj", "{D719FB20-9CA4-42DD-8B2F-C8840BBC52A1}"
EndProject
Global
	GlobalSection(SolutionConfigurationPlatforms) = preSolution
		Debug|Any CPU = Debug|Any CPU
		Release|Any CPU = Release|Any CPU
	EndGlobalSection
	GlobalSection(ProjectConfigurationPlatforms) = postSolution
		{D719FB20-9CA4-42DD-8B2F-C8840BBC52A1}.Debug|Any CPU.ActiveCfg = Debug|Any CPU
		{D719FB20-9CA4-42DD-8B2F-C8840BBC52A1}.Debug|Any CPU.Build.0 = Debug|Any CPU
		{D719FB20-9CA4-42DD-8B2F-C8840BBC52A1}.Release|Any CPU.ActiveCfg = Release|Any CPU
		{D719FB20-9CA4-42DD-8B2F-C8840BBC52A1}.Release|Any CPU.Build.0 = Release|Any CPU
	EndGlobalSection
	GlobalSection(SolutionProperties) = preSolution
		HideSolutionNode = FALSE
	EndGlobalSection
	GlobalSection(ExtensibilityGlobals) = postSolution
		SolutionGuid = {DED2D214-7F91-4F13-8A3F-C03521C309F9}
	EndGlobalSection
EndGlobal
